// !$*UTF8*$!
{
	archiveVersion = 1;
	classes = {
	};
	objectVersion = 50;
	objects = {

/* Begin PBXBuildFile section */
		0204738122F0C21B009ACAA8 /* Post+CoreDataClass.swift in Sources */ = {isa = PBXBuildFile; fileRef = 0204737D22F0C21B009ACAA8 /* Post+CoreDataClass.swift */; };
		0204738322F0C21B009ACAA8 /* Tag+CoreDataClass.swift in Sources */ = {isa = PBXBuildFile; fileRef = 0204737F22F0C21B009ACAA8 /* Tag+CoreDataClass.swift */; };
		0204738622F0D7D9009ACAA8 /* CoreDataManager.swift in Sources */ = {isa = PBXBuildFile; fileRef = 0204738522F0D7D9009ACAA8 /* CoreDataManager.swift */; };
		0204738922F0EC69009ACAA8 /* RootViewController.swift in Sources */ = {isa = PBXBuildFile; fileRef = 0204738822F0EC69009ACAA8 /* RootViewController.swift */; };
		0204738B22F129A8009ACAA8 /* NSManagedObject+Util.swift in Sources */ = {isa = PBXBuildFile; fileRef = 0204738A22F129A8009ACAA8 /* NSManagedObject+Util.swift */; };
		0204738D22F12DCF009ACAA8 /* README.md in Resources */ = {isa = PBXBuildFile; fileRef = 0204738C22F12DCF009ACAA8 /* README.md */; };
		0204738F22F15FFA009ACAA8 /* Repository.swift in Sources */ = {isa = PBXBuildFile; fileRef = 0204738E22F15FFA009ACAA8 /* Repository.swift */; };
		02325EA522F0A17F00533662 /* AppDelegate.swift in Sources */ = {isa = PBXBuildFile; fileRef = 02325EA422F0A17F00533662 /* AppDelegate.swift */; };
		02325EAA22F0A18000533662 /* Main.storyboard in Resources */ = {isa = PBXBuildFile; fileRef = 02325EA822F0A18000533662 /* Main.storyboard */; };
		02325EAD22F0A18000533662 /* PersistenceDemo.xcdatamodeld in Sources */ = {isa = PBXBuildFile; fileRef = 02325EAB22F0A18000533662 /* PersistenceDemo.xcdatamodeld */; };
		02325EAF22F0A18400533662 /* Assets.xcassets in Resources */ = {isa = PBXBuildFile; fileRef = 02325EAE22F0A18400533662 /* Assets.xcassets */; };
		02325EB222F0A18400533662 /* LaunchScreen.storyboard in Resources */ = {isa = PBXBuildFile; fileRef = 02325EB022F0A18400533662 /* LaunchScreen.storyboard */; };
		02325EBD22F0A18400533662 /* PersistenceDemoTests.swift in Sources */ = {isa = PBXBuildFile; fileRef = 02325EBC22F0A18400533662 /* PersistenceDemoTests.swift */; };
		02325EC822F0A18400533662 /* PersistenceDemoUITests.swift in Sources */ = {isa = PBXBuildFile; fileRef = 02325EC722F0A18400533662 /* PersistenceDemoUITests.swift */; };
		B80647117DB9E3A47792D910 /* Pods_PersistenceDemo.framework in Frameworks */ = {isa = PBXBuildFile; fileRef = 7B502B8124F3CDD9BB1F8E63 /* Pods_PersistenceDemo.framework */; };
		C50B6A363E809D7E184F05F8 /* Pods_PersistenceDemoTests.framework in Frameworks */ = {isa = PBXBuildFile; fileRef = 1BB91CE873E350A0F8F0971B /* Pods_PersistenceDemoTests.framework */; };
/* End PBXBuildFile section */

/* Begin PBXContainerItemProxy section */
		02325EB922F0A18400533662 /* PBXContainerItemProxy */ = {
			isa = PBXContainerItemProxy;
			containerPortal = 02325E9922F0A17F00533662 /* Project object */;
			proxyType = 1;
			remoteGlobalIDString = 02325EA022F0A17F00533662;
			remoteInfo = PersistenceDemo;
		};
		02325EC422F0A18400533662 /* PBXContainerItemProxy */ = {
			isa = PBXContainerItemProxy;
			containerPortal = 02325E9922F0A17F00533662 /* Project object */;
			proxyType = 1;
			remoteGlobalIDString = 02325EA022F0A17F00533662;
			remoteInfo = PersistenceDemo;
		};
/* End PBXContainerItemProxy section */

/* Begin PBXFileReference section */
		01D1E5B25DF13358897CD49A /* Pods-PersistenceDemo.release.xcconfig */ = {isa = PBXFileReference; includeInIndex = 1; lastKnownFileType = text.xcconfig; name = "Pods-PersistenceDemo.release.xcconfig"; path = "Pods/Target Support Files/Pods-PersistenceDemo/Pods-PersistenceDemo.release.xcconfig"; sourceTree = "<group>"; };
		0204737D22F0C21B009ACAA8 /* Post+CoreDataClass.swift */ = {isa = PBXFileReference; lastKnownFileType = sourcecode.swift; path = "Post+CoreDataClass.swift"; sourceTree = "<group>"; };
		0204737F22F0C21B009ACAA8 /* Tag+CoreDataClass.swift */ = {isa = PBXFileReference; lastKnownFileType = sourcecode.swift; path = "Tag+CoreDataClass.swift"; sourceTree = "<group>"; };
		0204738522F0D7D9009ACAA8 /* CoreDataManager.swift */ = {isa = PBXFileReference; lastKnownFileType = sourcecode.swift; path = CoreDataManager.swift; sourceTree = "<group>"; };
		0204738822F0EC69009ACAA8 /* RootViewController.swift */ = {isa = PBXFileReference; fileEncoding = 4; lastKnownFileType = sourcecode.swift; path = RootViewController.swift; sourceTree = "<group>"; };
		0204738A22F129A8009ACAA8 /* NSManagedObject+Util.swift */ = {isa = PBXFileReference; lastKnownFileType = sourcecode.swift; path = "NSManagedObject+Util.swift"; sourceTree = "<group>"; };
		0204738C22F12DCF009ACAA8 /* README.md */ = {isa = PBXFileReference; lastKnownFileType = net.daringfireball.markdown; path = README.md; sourceTree = "<group>"; };
		0204738E22F15FFA009ACAA8 /* Repository.swift */ = {isa = PBXFileReference; lastKnownFileType = sourcecode.swift; path = Repository.swift; sourceTree = "<group>"; };
		02325EA122F0A17F00533662 /* PersistenceDemo.app */ = {isa = PBXFileReference; explicitFileType = wrapper.application; includeInIndex = 0; path = PersistenceDemo.app; sourceTree = BUILT_PRODUCTS_DIR; };
		02325EA422F0A17F00533662 /* AppDelegate.swift */ = {isa = PBXFileReference; lastKnownFileType = sourcecode.swift; path = AppDelegate.swift; sourceTree = "<group>"; };
		02325EA922F0A18000533662 /* Base */ = {isa = PBXFileReference; lastKnownFileType = file.storyboard; name = Base; path = Base.lproj/Main.storyboard; sourceTree = "<group>"; };
		02325EAC22F0A18000533662 /* PersistenceDemo.xcdatamodel */ = {isa = PBXFileReference; lastKnownFileType = wrapper.xcdatamodel; path = PersistenceDemo.xcdatamodel; sourceTree = "<group>"; };
		02325EAE22F0A18400533662 /* Assets.xcassets */ = {isa = PBXFileReference; lastKnownFileType = folder.assetcatalog; path = Assets.xcassets; sourceTree = "<group>"; };
		02325EB122F0A18400533662 /* Base */ = {isa = PBXFileReference; lastKnownFileType = file.storyboard; name = Base; path = Base.lproj/LaunchScreen.storyboard; sourceTree = "<group>"; };
		02325EB322F0A18400533662 /* Info.plist */ = {isa = PBXFileReference; lastKnownFileType = text.plist.xml; path = Info.plist; sourceTree = "<group>"; };
		02325EB822F0A18400533662 /* PersistenceDemoTests.xctest */ = {isa = PBXFileReference; explicitFileType = wrapper.cfbundle; includeInIndex = 0; path = PersistenceDemoTests.xctest; sourceTree = BUILT_PRODUCTS_DIR; };
		02325EBC22F0A18400533662 /* PersistenceDemoTests.swift */ = {isa = PBXFileReference; lastKnownFileType = sourcecode.swift; path = PersistenceDemoTests.swift; sourceTree = "<group>"; };
		02325EBE22F0A18400533662 /* Info.plist */ = {isa = PBXFileReference; lastKnownFileType = text.plist.xml; path = Info.plist; sourceTree = "<group>"; };
		02325EC322F0A18400533662 /* PersistenceDemoUITests.xctest */ = {isa = PBXFileReference; explicitFileType = wrapper.cfbundle; includeInIndex = 0; path = PersistenceDemoUITests.xctest; sourceTree = BUILT_PRODUCTS_DIR; };
		02325EC722F0A18400533662 /* PersistenceDemoUITests.swift */ = {isa = PBXFileReference; lastKnownFileType = sourcecode.swift; path = PersistenceDemoUITests.swift; sourceTree = "<group>"; };
		02325EC922F0A18400533662 /* Info.plist */ = {isa = PBXFileReference; lastKnownFileType = text.plist.xml; path = Info.plist; sourceTree = "<group>"; };
		1BB91CE873E350A0F8F0971B /* Pods_PersistenceDemoTests.framework */ = {isa = PBXFileReference; explicitFileType = wrapper.framework; includeInIndex = 0; path = Pods_PersistenceDemoTests.framework; sourceTree = BUILT_PRODUCTS_DIR; };
		243367793EA49BC3F8DE94E4 /* Pods-PersistenceDemoTests.debug.xcconfig */ = {isa = PBXFileReference; includeInIndex = 1; lastKnownFileType = text.xcconfig; name = "Pods-PersistenceDemoTests.debug.xcconfig"; path = "Pods/Target Support Files/Pods-PersistenceDemoTests/Pods-PersistenceDemoTests.debug.xcconfig"; sourceTree = "<group>"; };
		76AC3B6BF03C93EB456FCE0E /* Pods-PersistenceDemo.debug.xcconfig */ = {isa = PBXFileReference; includeInIndex = 1; lastKnownFileType = text.xcconfig; name = "Pods-PersistenceDemo.debug.xcconfig"; path = "Pods/Target Support Files/Pods-PersistenceDemo/Pods-PersistenceDemo.debug.xcconfig"; sourceTree = "<group>"; };
		7B502B8124F3CDD9BB1F8E63 /* Pods_PersistenceDemo.framework */ = {isa = PBXFileReference; explicitFileType = wrapper.framework; includeInIndex = 0; path = Pods_PersistenceDemo.framework; sourceTree = BUILT_PRODUCTS_DIR; };
		9F70301976F64EBB386A0D69 /* Pods-PersistenceDemoTests.release.xcconfig */ = {isa = PBXFileReference; includeInIndex = 1; lastKnownFileType = text.xcconfig; name = "Pods-PersistenceDemoTests.release.xcconfig"; path = "Pods/Target Support Files/Pods-PersistenceDemoTests/Pods-PersistenceDemoTests.release.xcconfig"; sourceTree = "<group>"; };
/* End PBXFileReference section */

/* Begin PBXFrameworksBuildPhase section */
		02325E9E22F0A17F00533662 /* Frameworks */ = {
			isa = PBXFrameworksBuildPhase;
			buildActionMask = 2147483647;
			files = (
				B80647117DB9E3A47792D910 /* Pods_PersistenceDemo.framework in Frameworks */,
			);
			runOnlyForDeploymentPostprocessing = 0;
		};
		02325EB522F0A18400533662 /* Frameworks */ = {
			isa = PBXFrameworksBuildPhase;
			buildActionMask = 2147483647;
			files = (
				C50B6A363E809D7E184F05F8 /* Pods_PersistenceDemoTests.framework in Frameworks */,
			);
			runOnlyForDeploymentPostprocessing = 0;
		};
		02325EC022F0A18400533662 /* Frameworks */ = {
			isa = PBXFrameworksBuildPhase;
			buildActionMask = 2147483647;
			files = (
			);
			runOnlyForDeploymentPostprocessing = 0;
		};
/* End PBXFrameworksBuildPhase section */

/* Begin PBXGroup section */
		0204737422F0BFFE009ACAA8 /* Models */ = {
			isa = PBXGroup;
			children = (
				0204737D22F0C21B009ACAA8 /* Post+CoreDataClass.swift */,
				0204737F22F0C21B009ACAA8 /* Tag+CoreDataClass.swift */,
				0204738522F0D7D9009ACAA8 /* CoreDataManager.swift */,
				0204738A22F129A8009ACAA8 /* NSManagedObject+Util.swift */,
				0204738E22F15FFA009ACAA8 /* Repository.swift */,
			);
			path = Models;
			sourceTree = "<group>";
		};
		0204738722F0EC36009ACAA8 /* UI */ = {
			isa = PBXGroup;
			children = (
				0204738822F0EC69009ACAA8 /* RootViewController.swift */,
			);
			path = UI;
			sourceTree = "<group>";
		};
		0204739022F1F78F009ACAA8 /* Common */ = {
			isa = PBXGroup;
			children = (
			);
			path = Common;
			sourceTree = "<group>";
		};
		02325E9822F0A17F00533662 = {
			isa = PBXGroup;
			children = (
				0204738C22F12DCF009ACAA8 /* README.md */,
				02325EA322F0A17F00533662 /* PersistenceDemo */,
				02325EBB22F0A18400533662 /* PersistenceDemoTests */,
				02325EC622F0A18400533662 /* PersistenceDemoUITests */,
				02325EA222F0A17F00533662 /* Products */,
				6443C17D9F1320034A1987EA /* Pods */,
				43785F3C991588F902E9171A /* Frameworks */,
			);
			sourceTree = "<group>";
		};
		02325EA222F0A17F00533662 /* Products */ = {
			isa = PBXGroup;
			children = (
				02325EA122F0A17F00533662 /* PersistenceDemo.app */,
				02325EB822F0A18400533662 /* PersistenceDemoTests.xctest */,
				02325EC322F0A18400533662 /* PersistenceDemoUITests.xctest */,
			);
			name = Products;
			sourceTree = "<group>";
		};
		02325EA322F0A17F00533662 /* PersistenceDemo */ = {
			isa = PBXGroup;
			children = (
				0204737422F0BFFE009ACAA8 /* Models */,
				0204738722F0EC36009ACAA8 /* UI */,
				0204739022F1F78F009ACAA8 /* Common */,
				02325EA422F0A17F00533662 /* AppDelegate.swift */,
				02325EA822F0A18000533662 /* Main.storyboard */,
				02325EAE22F0A18400533662 /* Assets.xcassets */,
				02325EB022F0A18400533662 /* LaunchScreen.storyboard */,
				02325EB322F0A18400533662 /* Info.plist */,
				02325EAB22F0A18000533662 /* PersistenceDemo.xcdatamodeld */,
			);
			path = PersistenceDemo;
			sourceTree = "<group>";
		};
		02325EBB22F0A18400533662 /* PersistenceDemoTests */ = {
			isa = PBXGroup;
			children = (
				02325EBC22F0A18400533662 /* PersistenceDemoTests.swift */,
				02325EBE22F0A18400533662 /* Info.plist */,
			);
			path = PersistenceDemoTests;
			sourceTree = "<group>";
		};
		02325EC622F0A18400533662 /* PersistenceDemoUITests */ = {
			isa = PBXGroup;
			children = (
				02325EC722F0A18400533662 /* PersistenceDemoUITests.swift */,
				02325EC922F0A18400533662 /* Info.plist */,
			);
			path = PersistenceDemoUITests;
			sourceTree = "<group>";
		};
		43785F3C991588F902E9171A /* Frameworks */ = {
			isa = PBXGroup;
			children = (
				7B502B8124F3CDD9BB1F8E63 /* Pods_PersistenceDemo.framework */,
				1BB91CE873E350A0F8F0971B /* Pods_PersistenceDemoTests.framework */,
			);
			name = Frameworks;
			sourceTree = "<group>";
		};
		6443C17D9F1320034A1987EA /* Pods */ = {
			isa = PBXGroup;
			children = (
				76AC3B6BF03C93EB456FCE0E /* Pods-PersistenceDemo.debug.xcconfig */,
				01D1E5B25DF13358897CD49A /* Pods-PersistenceDemo.release.xcconfig */,
				243367793EA49BC3F8DE94E4 /* Pods-PersistenceDemoTests.debug.xcconfig */,
				9F70301976F64EBB386A0D69 /* Pods-PersistenceDemoTests.release.xcconfig */,
			);
			name = Pods;
			sourceTree = "<group>";
		};
/* End PBXGroup section */

/* Begin PBXNativeTarget section */
		02325EA022F0A17F00533662 /* PersistenceDemo */ = {
			isa = PBXNativeTarget;
			buildConfigurationList = 02325ECC22F0A18500533662 /* Build configuration list for PBXNativeTarget "PersistenceDemo" */;
			buildPhases = (
				F1F8556ADD03EC439C1D3983 /* [CP] Check Pods Manifest.lock */,
				02325E9D22F0A17F00533662 /* Sources */,
				02325E9E22F0A17F00533662 /* Frameworks */,
				02325E9F22F0A17F00533662 /* Resources */,
				58371E17FD894C393824D241 /* [CP] Embed Pods Frameworks */,
			);
			buildRules = (
			);
			dependencies = (
			);
			name = PersistenceDemo;
			productName = PersistenceDemo;
			productReference = 02325EA122F0A17F00533662 /* PersistenceDemo.app */;
			productType = "com.apple.product-type.application";
		};
		02325EB722F0A18400533662 /* PersistenceDemoTests */ = {
			isa = PBXNativeTarget;
			buildConfigurationList = 02325ECF22F0A18500533662 /* Build configuration list for PBXNativeTarget "PersistenceDemoTests" */;
			buildPhases = (
				CB81706860F5064083DB227E /* [CP] Check Pods Manifest.lock */,
				02325EB422F0A18400533662 /* Sources */,
				02325EB522F0A18400533662 /* Frameworks */,
				02325EB622F0A18400533662 /* Resources */,
			);
			buildRules = (
			);
			dependencies = (
				02325EBA22F0A18400533662 /* PBXTargetDependency */,
			);
			name = PersistenceDemoTests;
			productName = PersistenceDemoTests;
			productReference = 02325EB822F0A18400533662 /* PersistenceDemoTests.xctest */;
			productType = "com.apple.product-type.bundle.unit-test";
		};
		02325EC222F0A18400533662 /* PersistenceDemoUITests */ = {
			isa = PBXNativeTarget;
			buildConfigurationList = 02325ED222F0A18500533662 /* Build configuration list for PBXNativeTarget "PersistenceDemoUITests" */;
			buildPhases = (
				02325EBF22F0A18400533662 /* Sources */,
				02325EC022F0A18400533662 /* Frameworks */,
				02325EC122F0A18400533662 /* Resources */,
			);
			buildRules = (
			);
			dependencies = (
				02325EC522F0A18400533662 /* PBXTargetDependency */,
			);
			name = PersistenceDemoUITests;
			productName = PersistenceDemoUITests;
			productReference = 02325EC322F0A18400533662 /* PersistenceDemoUITests.xctest */;
			productType = "com.apple.product-type.bundle.ui-testing";
		};
/* End PBXNativeTarget section */

/* Begin PBXProject section */
		02325E9922F0A17F00533662 /* Project object */ = {
			isa = PBXProject;
			attributes = {
				LastSwiftUpdateCheck = 1020;
				LastUpgradeCheck = 1020;
				ORGANIZATIONNAME = "Mark Randall";
				TargetAttributes = {
					02325EA022F0A17F00533662 = {
						CreatedOnToolsVersion = 10.2.1;
					};
					02325EB722F0A18400533662 = {
						CreatedOnToolsVersion = 10.2.1;
						TestTargetID = 02325EA022F0A17F00533662;
					};
					02325EC222F0A18400533662 = {
						CreatedOnToolsVersion = 10.2.1;
						TestTargetID = 02325EA022F0A17F00533662;
					};
				};
			};
			buildConfigurationList = 02325E9C22F0A17F00533662 /* Build configuration list for PBXProject "PersistenceDemo" */;
			compatibilityVersion = "Xcode 9.3";
			developmentRegion = en;
			hasScannedForEncodings = 0;
			knownRegions = (
				en,
				Base,
			);
			mainGroup = 02325E9822F0A17F00533662;
			productRefGroup = 02325EA222F0A17F00533662 /* Products */;
			projectDirPath = "";
			projectRoot = "";
			targets = (
				02325EA022F0A17F00533662 /* PersistenceDemo */,
				02325EB722F0A18400533662 /* PersistenceDemoTests */,
				02325EC222F0A18400533662 /* PersistenceDemoUITests */,
			);
		};
/* End PBXProject section */

/* Begin PBXResourcesBuildPhase section */
		02325E9F22F0A17F00533662 /* Resources */ = {
			isa = PBXResourcesBuildPhase;
			buildActionMask = 2147483647;
			files = (
				02325EB222F0A18400533662 /* LaunchScreen.storyboard in Resources */,
				02325EAF22F0A18400533662 /* Assets.xcassets in Resources */,
				0204738D22F12DCF009ACAA8 /* README.md in Resources */,
				02325EAA22F0A18000533662 /* Main.storyboard in Resources */,
			);
			runOnlyForDeploymentPostprocessing = 0;
		};
		02325EB622F0A18400533662 /* Resources */ = {
			isa = PBXResourcesBuildPhase;
			buildActionMask = 2147483647;
			files = (
			);
			runOnlyForDeploymentPostprocessing = 0;
		};
		02325EC122F0A18400533662 /* Resources */ = {
			isa = PBXResourcesBuildPhase;
			buildActionMask = 2147483647;
			files = (
			);
			runOnlyForDeploymentPostprocessing = 0;
		};
/* End PBXResourcesBuildPhase section */

/* Begin PBXShellScriptBuildPhase section */
		58371E17FD894C393824D241 /* [CP] Embed Pods Frameworks */ = {
			isa = PBXShellScriptBuildPhase;
			buildActionMask = 2147483647;
			files = (
			);
			inputFileListPaths = (
			);
			inputPaths = (
				"${SRCROOT}/Pods/Target Support Files/Pods-PersistenceDemo/Pods-PersistenceDemo-frameworks.sh",
				"${BUILT_PRODUCTS_DIR}/Dwifft/Dwifft.framework",
				"${BUILT_PRODUCTS_DIR}/FLAnimatedImage/FLAnimatedImage.framework",
				"${BUILT_PRODUCTS_DIR}/PINCache/PINCache.framework",
				"${BUILT_PRODUCTS_DIR}/PINRemoteImage/PINRemoteImage.framework",
			);
			name = "[CP] Embed Pods Frameworks";
			outputFileListPaths = (
			);
			outputPaths = (
				"${TARGET_BUILD_DIR}/${FRAMEWORKS_FOLDER_PATH}/Dwifft.framework",
				"${TARGET_BUILD_DIR}/${FRAMEWORKS_FOLDER_PATH}/FLAnimatedImage.framework",
				"${TARGET_BUILD_DIR}/${FRAMEWORKS_FOLDER_PATH}/PINCache.framework",
				"${TARGET_BUILD_DIR}/${FRAMEWORKS_FOLDER_PATH}/PINRemoteImage.framework",
			);
			runOnlyForDeploymentPostprocessing = 0;
			shellPath = /bin/sh;
			shellScript = "\"${SRCROOT}/Pods/Target Support Files/Pods-PersistenceDemo/Pods-PersistenceDemo-frameworks.sh\"\n";
			showEnvVarsInLog = 0;
		};
		CB81706860F5064083DB227E /* [CP] Check Pods Manifest.lock */ = {
			isa = PBXShellScriptBuildPhase;
			buildActionMask = 2147483647;
			files = (
			);
			inputFileListPaths = (
			);
			inputPaths = (
				"${PODS_PODFILE_DIR_PATH}/Podfile.lock",
				"${PODS_ROOT}/Manifest.lock",
			);
			name = "[CP] Check Pods Manifest.lock";
			outputFileListPaths = (
			);
			outputPaths = (
				"$(DERIVED_FILE_DIR)/Pods-PersistenceDemoTests-checkManifestLockResult.txt",
			);
			runOnlyForDeploymentPostprocessing = 0;
			shellPath = /bin/sh;
			shellScript = "diff \"${PODS_PODFILE_DIR_PATH}/Podfile.lock\" \"${PODS_ROOT}/Manifest.lock\" > /dev/null\nif [ $? != 0 ] ; then\n    # print error to STDERR\n    echo \"error: The sandbox is not in sync with the Podfile.lock. Run 'pod install' or update your CocoaPods installation.\" >&2\n    exit 1\nfi\n# This output is used by Xcode 'outputs' to avoid re-running this script phase.\necho \"SUCCESS\" > \"${SCRIPT_OUTPUT_FILE_0}\"\n";
			showEnvVarsInLog = 0;
		};
		F1F8556ADD03EC439C1D3983 /* [CP] Check Pods Manifest.lock */ = {
			isa = PBXShellScriptBuildPhase;
			buildActionMask = 2147483647;
			files = (
			);
			inputFileListPaths = (
			);
			inputPaths = (
				"${PODS_PODFILE_DIR_PATH}/Podfile.lock",
				"${PODS_ROOT}/Manifest.lock",
			);
			name = "[CP] Check Pods Manifest.lock";
			outputFileListPaths = (
			);
			outputPaths = (
				"$(DERIVED_FILE_DIR)/Pods-PersistenceDemo-checkManifestLockResult.txt",
			);
			runOnlyForDeploymentPostprocessing = 0;
			shellPath = /bin/sh;
			shellScript = "diff \"${PODS_PODFILE_DIR_PATH}/Podfile.lock\" \"${PODS_ROOT}/Manifest.lock\" > /dev/null\nif [ $? != 0 ] ; then\n    # print error to STDERR\n    echo \"error: The sandbox is not in sync with the Podfile.lock. Run 'pod install' or update your CocoaPods installation.\" >&2\n    exit 1\nfi\n# This output is used by Xcode 'outputs' to avoid re-running this script phase.\necho \"SUCCESS\" > \"${SCRIPT_OUTPUT_FILE_0}\"\n";
			showEnvVarsInLog = 0;
		};
/* End PBXShellScriptBuildPhase section */

/* Begin PBXSourcesBuildPhase section */
		02325E9D22F0A17F00533662 /* Sources */ = {
			isa = PBXSourcesBuildPhase;
			buildActionMask = 2147483647;
			files = (
				0204738622F0D7D9009ACAA8 /* CoreDataManager.swift in Sources */,
				0204738B22F129A8009ACAA8 /* NSManagedObject+Util.swift in Sources */,
				0204738122F0C21B009ACAA8 /* Post+CoreDataClass.swift in Sources */,
				0204738F22F15FFA009ACAA8 /* Repository.swift in Sources */,
				0204738922F0EC69009ACAA8 /* RootViewController.swift in Sources */,
				02325EA522F0A17F00533662 /* AppDelegate.swift in Sources */,
				0204738322F0C21B009ACAA8 /* Tag+CoreDataClass.swift in Sources */,
				02325EAD22F0A18000533662 /* PersistenceDemo.xcdatamodeld in Sources */,
			);
			runOnlyForDeploymentPostprocessing = 0;
		};
		02325EB422F0A18400533662 /* Sources */ = {
			isa = PBXSourcesBuildPhase;
			buildActionMask = 2147483647;
			files = (
				02325EBD22F0A18400533662 /* PersistenceDemoTests.swift in Sources */,
			);
			runOnlyForDeploymentPostprocessing = 0;
		};
		02325EBF22F0A18400533662 /* Sources */ = {
			isa = PBXSourcesBuildPhase;
			buildActionMask = 2147483647;
			files = (
				02325EC822F0A18400533662 /* PersistenceDemoUITests.swift in Sources */,
			);
			runOnlyForDeploymentPostprocessing = 0;
		};
/* End PBXSourcesBuildPhase section */

/* Begin PBXTargetDependency section */
		02325EBA22F0A18400533662 /* PBXTargetDependency */ = {
			isa = PBXTargetDependency;
			target = 02325EA022F0A17F00533662 /* PersistenceDemo */;
			targetProxy = 02325EB922F0A18400533662 /* PBXContainerItemProxy */;
		};
		02325EC522F0A18400533662 /* PBXTargetDependency */ = {
			isa = PBXTargetDependency;
			target = 02325EA022F0A17F00533662 /* PersistenceDemo */;
			targetProxy = 02325EC422F0A18400533662 /* PBXContainerItemProxy */;
		};
/* End PBXTargetDependency section */

/* Begin PBXVariantGroup section */
		02325EA822F0A18000533662 /* Main.storyboard */ = {
			isa = PBXVariantGroup;
			children = (
				02325EA922F0A18000533662 /* Base */,
			);
			name = Main.storyboard;
			sourceTree = "<group>";
		};
		02325EB022F0A18400533662 /* LaunchScreen.storyboard */ = {
			isa = PBXVariantGroup;
			children = (
				02325EB122F0A18400533662 /* Base */,
			);
			name = LaunchScreen.storyboard;
			sourceTree = "<group>";
		};
/* End PBXVariantGroup section */

/* Begin XCBuildConfiguration section */
		02325ECA22F0A18400533662 /* Debug */ = {
			isa = XCBuildConfiguration;
			buildSettings = {
				ALWAYS_SEARCH_USER_PATHS = NO;
				CLANG_ANALYZER_NONNULL = YES;
				CLANG_ANALYZER_NUMBER_OBJECT_CONVERSION = YES_AGGRESSIVE;
				CLANG_CXX_LANGUAGE_STANDARD = "gnu++14";
				CLANG_CXX_LIBRARY = "libc++";
				CLANG_ENABLE_MODULES = YES;
				CLANG_ENABLE_OBJC_ARC = YES;
				CLANG_ENABLE_OBJC_WEAK = YES;
				CLANG_WARN_BLOCK_CAPTURE_AUTORELEASING = YES;
				CLANG_WARN_BOOL_CONVERSION = YES;
				CLANG_WARN_COMMA = YES;
				CLANG_WARN_CONSTANT_CONVERSION = YES;
				CLANG_WARN_DEPRECATED_OBJC_IMPLEMENTATIONS = YES;
				CLANG_WARN_DIRECT_OBJC_ISA_USAGE = YES_ERROR;
				CLANG_WARN_DOCUMENTATION_COMMENTS = YES;
				CLANG_WARN_EMPTY_BODY = YES;
				CLANG_WARN_ENUM_CONVERSION = YES;
				CLANG_WARN_INFINITE_RECURSION = YES;
				CLANG_WARN_INT_CONVERSION = YES;
				CLANG_WARN_NON_LITERAL_NULL_CONVERSION = YES;
				CLANG_WARN_OBJC_IMPLICIT_RETAIN_SELF = YES;
				CLANG_WARN_OBJC_LITERAL_CONVERSION = YES;
				CLANG_WARN_OBJC_ROOT_CLASS = YES_ERROR;
				CLANG_WARN_RANGE_LOOP_ANALYSIS = YES;
				CLANG_WARN_STRICT_PROTOTYPES = YES;
				CLANG_WARN_SUSPICIOUS_MOVE = YES;
				CLANG_WARN_UNGUARDED_AVAILABILITY = YES_AGGRESSIVE;
				CLANG_WARN_UNREACHABLE_CODE = YES;
				CLANG_WARN__DUPLICATE_METHOD_MATCH = YES;
				CODE_SIGN_IDENTITY = "iPhone Developer";
				COPY_PHASE_STRIP = NO;
				DEBUG_INFORMATION_FORMAT = dwarf;
				ENABLE_STRICT_OBJC_MSGSEND = YES;
				ENABLE_TESTABILITY = YES;
				GCC_C_LANGUAGE_STANDARD = gnu11;
				GCC_DYNAMIC_NO_PIC = NO;
				GCC_NO_COMMON_BLOCKS = YES;
				GCC_OPTIMIZATION_LEVEL = 0;
				GCC_PREPROCESSOR_DEFINITIONS = (
					"DEBUG=1",
					"$(inherited)",
				);
				GCC_WARN_64_TO_32_BIT_CONVERSION = YES;
				GCC_WARN_ABOUT_RETURN_TYPE = YES_ERROR;
				GCC_WARN_UNDECLARED_SELECTOR = YES;
				GCC_WARN_UNINITIALIZED_AUTOS = YES_AGGRESSIVE;
				GCC_WARN_UNUSED_FUNCTION = YES;
				GCC_WARN_UNUSED_VARIABLE = YES;
				IPHONEOS_DEPLOYMENT_TARGET = 12.2;
				MTL_ENABLE_DEBUG_INFO = INCLUDE_SOURCE;
				MTL_FAST_MATH = YES;
				ONLY_ACTIVE_ARCH = YES;
				SDKROOT = iphoneos;
				SWIFT_ACTIVE_COMPILATION_CONDITIONS = DEBUG;
				SWIFT_OPTIMIZATION_LEVEL = "-Onone";
			};
			name = Debug;
		};
		02325ECB22F0A18500533662 /* Release */ = {
			isa = XCBuildConfiguration;
			buildSettings = {
				ALWAYS_SEARCH_USER_PATHS = NO;
				CLANG_ANALYZER_NONNULL = YES;
				CLANG_ANALYZER_NUMBER_OBJECT_CONVERSION = YES_AGGRESSIVE;
				CLANG_CXX_LANGUAGE_STANDARD = "gnu++14";
				CLANG_CXX_LIBRARY = "libc++";
				CLANG_ENABLE_MODULES = YES;
				CLANG_ENABLE_OBJC_ARC = YES;
				CLANG_ENABLE_OBJC_WEAK = YES;
				CLANG_WARN_BLOCK_CAPTURE_AUTORELEASING = YES;
				CLANG_WARN_BOOL_CONVERSION = YES;
				CLANG_WARN_COMMA = YES;
				CLANG_WARN_CONSTANT_CONVERSION = YES;
				CLANG_WARN_DEPRECATED_OBJC_IMPLEMENTATIONS = YES;
				CLANG_WARN_DIRECT_OBJC_ISA_USAGE = YES_ERROR;
				CLANG_WARN_DOCUMENTATION_COMMENTS = YES;
				CLANG_WARN_EMPTY_BODY = YES;
				CLANG_WARN_ENUM_CONVERSION = YES;
				CLANG_WARN_INFINITE_RECURSION = YES;
				CLANG_WARN_INT_CONVERSION = YES;
				CLANG_WARN_NON_LITERAL_NULL_CONVERSION = YES;
				CLANG_WARN_OBJC_IMPLICIT_RETAIN_SELF = YES;
				CLANG_WARN_OBJC_LITERAL_CONVERSION = YES;
				CLANG_WARN_OBJC_ROOT_CLASS = YES_ERROR;
				CLANG_WARN_RANGE_LOOP_ANALYSIS = YES;
				CLANG_WARN_STRICT_PROTOTYPES = YES;
				CLANG_WARN_SUSPICIOUS_MOVE = YES;
				CLANG_WARN_UNGUARDED_AVAILABILITY = YES_AGGRESSIVE;
				CLANG_WARN_UNREACHABLE_CODE = YES;
				CLANG_WARN__DUPLICATE_METHOD_MATCH = YES;
				CODE_SIGN_IDENTITY = "iPhone Developer";
				COPY_PHASE_STRIP = NO;
				DEBUG_INFORMATION_FORMAT = "dwarf-with-dsym";
				ENABLE_NS_ASSERTIONS = NO;
				ENABLE_STRICT_OBJC_MSGSEND = YES;
				GCC_C_LANGUAGE_STANDARD = gnu11;
				GCC_NO_COMMON_BLOCKS = YES;
				GCC_WARN_64_TO_32_BIT_CONVERSION = YES;
				GCC_WARN_ABOUT_RETURN_TYPE = YES_ERROR;
				GCC_WARN_UNDECLARED_SELECTOR = YES;
				GCC_WARN_UNINITIALIZED_AUTOS = YES_AGGRESSIVE;
				GCC_WARN_UNUSED_FUNCTION = YES;
				GCC_WARN_UNUSED_VARIABLE = YES;
				IPHONEOS_DEPLOYMENT_TARGET = 12.2;
				MTL_ENABLE_DEBUG_INFO = NO;
				MTL_FAST_MATH = YES;
				SDKROOT = iphoneos;
				SWIFT_COMPILATION_MODE = wholemodule;
				SWIFT_OPTIMIZATION_LEVEL = "-O";
				VALIDATE_PRODUCT = YES;
			};
			name = Release;
		};
		02325ECD22F0A18500533662 /* Debug */ = {
			isa = XCBuildConfiguration;
			baseConfigurationReference = 76AC3B6BF03C93EB456FCE0E /* Pods-PersistenceDemo.debug.xcconfig */;
			buildSettings = {
				ASSETCATALOG_COMPILER_APPICON_NAME = AppIcon;
				CODE_SIGN_STYLE = Automatic;
				DEVELOPMENT_TEAM = U2ZKB248CQ;
				INFOPLIST_FILE = PersistenceDemo/Info.plist;
				LD_RUNPATH_SEARCH_PATHS = (
					"$(inherited)",
					"@executable_path/Frameworks",
				);
				PRODUCT_BUNDLE_IDENTIFIER = com.PersistenceDemo;
				PRODUCT_NAME = "$(TARGET_NAME)";
				SWIFT_VERSION = 5.0;
				TARGETED_DEVICE_FAMILY = "1,2";
			};
			name = Debug;
		};
		02325ECE22F0A18500533662 /* Release */ = {
			isa = XCBuildConfiguration;
			baseConfigurationReference = 01D1E5B25DF13358897CD49A /* Pods-PersistenceDemo.release.xcconfig */;
			buildSettings = {
				ASSETCATALOG_COMPILER_APPICON_NAME = AppIcon;
				CODE_SIGN_STYLE = Automatic;
				DEVELOPMENT_TEAM = U2ZKB248CQ;
				INFOPLIST_FILE = PersistenceDemo/Info.plist;
				LD_RUNPATH_SEARCH_PATHS = (
					"$(inherited)",
					"@executable_path/Frameworks",
				);
				PRODUCT_BUNDLE_IDENTIFIER = com.PersistenceDemo;
				PRODUCT_NAME = "$(TARGET_NAME)";
				SWIFT_VERSION = 5.0;
				TARGETED_DEVICE_FAMILY = "1,2";
			};
			name = Release;
		};
		02325ED022F0A18500533662 /* Debug */ = {
			isa = XCBuildConfiguration;
			baseConfigurationReference = 243367793EA49BC3F8DE94E4 /* Pods-PersistenceDemoTests.debug.xcconfig */;
			buildSettings = {
				ALWAYS_EMBED_SWIFT_STANDARD_LIBRARIES = YES;
				BUNDLE_LOADER = "$(TEST_HOST)";
				CODE_SIGN_STYLE = Automatic;
				DEVELOPMENT_TEAM = U2ZKB248CQ;
				INFOPLIST_FILE = PersistenceDemoTests/Info.plist;
				LD_RUNPATH_SEARCH_PATHS = (
					"$(inherited)",
					"@executable_path/Frameworks",
					"@loader_path/Frameworks",
				);
				PRODUCT_BUNDLE_IDENTIFIER = com.PersistenceDemoTests;
				PRODUCT_NAME = "$(TARGET_NAME)";
				SWIFT_VERSION = 5.0;
				TARGETED_DEVICE_FAMILY = "1,2";
				TEST_HOST = "$(BUILT_PRODUCTS_DIR)/PersistenceDemo.app/PersistenceDemo";
			};
			name = Debug;
		};
		02325ED122F0A18500533662 /* Release */ = {
			isa = XCBuildConfiguration;
			baseConfigurationReference = 9F70301976F64EBB386A0D69 /* Pods-PersistenceDemoTests.release.xcconfig */;
			buildSettings = {
				ALWAYS_EMBED_SWIFT_STANDARD_LIBRARIES = YES;
				BUNDLE_LOADER = "$(TEST_HOST)";
				CODE_SIGN_STYLE = Automatic;
				DEVELOPMENT_TEAM = U2ZKB248CQ;
				INFOPLIST_FILE = PersistenceDemoTests/Info.plist;
				LD_RUNPATH_SEARCH_PATHS = (
					"$(inherited)",
					"@executable_path/Frameworks",
					"@loader_path/Frameworks",
				);
				PRODUCT_BUNDLE_IDENTIFIER = com.PersistenceDemoTests;
				PRODUCT_NAME = "$(TARGET_NAME)";
				SWIFT_VERSION = 5.0;
				TARGETED_DEVICE_FAMILY = "1,2";
				TEST_HOST = "$(BUILT_PRODUCTS_DIR)/PersistenceDemo.app/PersistenceDemo";
			};
			name = Release;
		};
		02325ED322F0A18500533662 /* Debug */ = {
			isa = XCBuildConfiguration;
			buildSettings = {
				ALWAYS_EMBED_SWIFT_STANDARD_LIBRARIES = YES;
				CODE_SIGN_STYLE = Automatic;
				DEVELOPMENT_TEAM = U2ZKB248CQ;
				INFOPLIST_FILE = PersistenceDemoUITests/Info.plist;
				LD_RUNPATH_SEARCH_PATHS = (
					"$(inherited)",
					"@executable_path/Frameworks",
					"@loader_path/Frameworks",
				);
				PRODUCT_BUNDLE_IDENTIFIER = com.PersistenceDemoUITests;
				PRODUCT_NAME = "$(TARGET_NAME)";
				SWIFT_VERSION = 5.0;
				TARGETED_DEVICE_FAMILY = "1,2";
				TEST_TARGET_NAME = PersistenceDemo;
			};
			name = Debug;
		};
		02325ED422F0A18500533662 /* Release */ = {
			isa = XCBuildConfiguration;
			buildSettings = {
				ALWAYS_EMBED_SWIFT_STANDARD_LIBRARIES = YES;
				CODE_SIGN_STYLE = Automatic;
				DEVELOPMENT_TEAM = U2ZKB248CQ;
				INFOPLIST_FILE = PersistenceDemoUITests/Info.plist;
				LD_RUNPATH_SEARCH_PATHS = (
					"$(inherited)",
					"@executable_path/Frameworks",
					"@loader_path/Frameworks",
				);
				PRODUCT_BUNDLE_IDENTIFIER = com.PersistenceDemoUITests;
				PRODUCT_NAME = "$(TARGET_NAME)";
				SWIFT_VERSION = 5.0;
				TARGETED_DEVICE_FAMILY = "1,2";
				TEST_TARGET_NAME = PersistenceDemo;
			};
			name = Release;
		};
/* End XCBuildConfiguration section */

/* Begin XCConfigurationList section */
		02325E9C22F0A17F00533662 /* Build configuration list for PBXProject "PersistenceDemo" */ = {
			isa = XCConfigurationList;
			buildConfigurations = (
				02325ECA22F0A18400533662 /* Debug */,
				02325ECB22F0A18500533662 /* Release */,
			);
			defaultConfigurationIsVisible = 0;
			defaultConfigurationName = Release;
		};
		02325ECC22F0A18500533662 /* Build configuration list for PBXNativeTarget "PersistenceDemo" */ = {
			isa = XCConfigurationList;
			buildConfigurations = (
				02325ECD22F0A18500533662 /* Debug */,
				02325ECE22F0A18500533662 /* Release */,
			);
			defaultConfigurationIsVisible = 0;
			defaultConfigurationName = Release;
		};
		02325ECF22F0A18500533662 /* Build configuration list for PBXNativeTarget "PersistenceDemoTests" */ = {
			isa = XCConfigurationList;
			buildConfigurations = (
				02325ED022F0A18500533662 /* Debug */,
				02325ED122F0A18500533662 /* Release */,
			);
			defaultConfigurationIsVisible = 0;
			defaultConfigurationName = Release;
		};
		02325ED222F0A18500533662 /* Build configuration list for PBXNativeTarget "PersistenceDemoUITests" */ = {
			isa = XCConfigurationList;
			buildConfigurations = (
				02325ED322F0A18500533662 /* Debug */,
				02325ED422F0A18500533662 /* Release */,
			);
			defaultConfigurationIsVisible = 0;
			defaultConfigurationName = Release;
		};
/* End XCConfigurationList section */

/* Begin XCVersionGroup section */
		02325EAB22F0A18000533662 /* PersistenceDemo.xcdatamodeld */ = {
			isa = XCVersionGroup;
			children = (
				02325EAC22F0A18000533662 /* PersistenceDemo.xcdatamodel */,
			);
			currentVersion = 02325EAC22F0A18000533662 /* PersistenceDemo.xcdatamodel */;
			path = PersistenceDemo.xcdatamodeld;
			sourceTree = "<group>";
			versionGroupType = wrapper.xcdatamodel;
		};
/* End XCVersionGroup section */
	};
	rootObject = 02325E9922F0A17F00533662 /* Project object */;
}
